{
    "name": "lcars-theme",
    "version": "0.1.0",
    "lockfileVersion": 3,
    "requires": true,
    "packages": {
        "": {
            "name": "lcars-theme",
            "version": "0.1.0",
            "license": "https://github.com/hayzey/vscode-themes/blob/main/LICENSE",
            "engines": {
                "vscode": "^1.63.0"
            }
        }
    }
}
